{
  "name": "pcf-project-shared",
  "version": "0.0.1",
  "lockfileVersion": 1,
  "requires": true,
  "dependencies": {
    "@types/powerapps-component-framework": {
      "version": "1.2.3",
      "resolved": "https://registry.npmjs.org/@types/powerapps-component-framework/-/powerapps-component-framework-1.2.3.tgz",
      "integrity": "sha512-vftG/MwON8PQFe9FwOIukLzD7IUSzJoFaYWQxx62YPf6HFqRDzzIjbXiiYKIRDPMHyepM6okxYXCsg5VJAbbLw=="
    },
    "typescript": {
      "version": "4.0.5",
      "resolved": "https://registry.npmjs.org/typescript/-/typescript-4.0.5.tgz",
      "integrity": "sha512-ywmr/VrTVCmNTJ6iV2LwIrfG1P+lv6luD8sUJs+2eI9NLGigaN+nUQc13iHqisq7bra9lnmUSYqbJvegraBOPQ=="
    },
    "whatwg-fetch": {
      "version": "3.5.0",
      "resolved": "https://registry.npmjs.org/whatwg-fetch/-/whatwg-fetch-3.5.0.tgz",
      "integrity": "sha512-jXkLtsR42xhXg7akoDKvKWE40eJeI+2KZqcp2h3NsOrRnDvtWX36KcKl30dy+hxECivdk2BVUHVNrPtoMBUx6A=="
    }
  }
}
