
Microsoft Visual Studio Solution File, Format Version 12.00
# Visual Studio Version 16
VisualStudioVersion = 16.0.30011.22
MinimumVisualStudioVersion = 10.0.40219.1
Project("{9A19103F-16F7-4668-BE54-9A1E7A4F7556}") = "Components.Support", "Components.Support\Components.Support.csproj", "{8B58BE44-6CBB-4E18-8736-08BD82862E63}"
EndProject
Project("{9A19103F-16F7-4668-BE54-9A1E7A4F7556}") = "Components.Support.Tests", "Components.Support.Tests\Components.Support.Tests.csproj", "{EB1C52EC-EBCE-402D-A12B-F7CF5C329D47}"
EndProject
Global
	GlobalSection(SolutionConfigurationPlatforms) = preSolution
		Debug|Any CPU = Debug|Any CPU
		Release|Any CPU = Release|Any CPU
	EndGlobalSection
	GlobalSection(ProjectConfigurationPlatforms) = postSolution
		{8B58BE44-6CBB-4E18-8736-08BD82862E63}.Debug|Any CPU.ActiveCfg = Debug|Any CPU
		{8B58BE44-6CBB-4E18-8736-08BD82862E63}.Debug|Any CPU.Build.0 = Debug|Any CPU
		{8B58BE44-6CBB-4E18-8736-08BD82862E63}.Release|Any CPU.ActiveCfg = Release|Any CPU
		{8B58BE44-6CBB-4E18-8736-08BD82862E63}.Release|Any CPU.Build.0 = Release|Any CPU
		{EB1C52EC-EBCE-402D-A12B-F7CF5C329D47}.Debug|Any CPU.ActiveCfg = Debug|Any CPU
		{EB1C52EC-EBCE-402D-A12B-F7CF5C329D47}.Debug|Any CPU.Build.0 = Debug|Any CPU
		{EB1C52EC-EBCE-402D-A12B-F7CF5C329D47}.Release|Any CPU.ActiveCfg = Release|Any CPU
		{EB1C52EC-EBCE-402D-A12B-F7CF5C329D47}.Release|Any CPU.Build.0 = Release|Any CPU
	EndGlobalSection
	GlobalSection(SolutionProperties) = preSolution
		HideSolutionNode = FALSE
	EndGlobalSection
	GlobalSection(ExtensibilityGlobals) = postSolution
		SolutionGuid = {96F440C3-DBB4-4491-B978-1F95F0FDD937}
	EndGlobalSection
EndGlobal
